
Microsoft Visual Studio Solution File, Format Version 12.00
# Visual Studio Version 17
VisualStudioVersion = 17.6.33829.357
MinimumVisualStudioVersion = 10.0.40219.1
Project("{FAE04EC0-301F-11D3-BF4B-00C04F79EFBC}") = "Casgem.Ajax", "Casgem.Ajax\Casgem.Ajax.csproj", "{ABC0E17B-F1A0-48EF-8AB2-0716730EE379}"
EndProject
Global
	GlobalSection(SolutionConfigurationPlatforms) = preSolution
		Debug|Any CPU = Debug|Any CPU
		Release|Any CPU = Release|Any CPU
	EndGlobalSection
	GlobalSection(ProjectConfigurationPlatforms) = postSolution
		{ABC0E17B-F1A0-48EF-8AB2-0716730EE379}.Debug|Any CPU.ActiveCfg = Debug|Any CPU
		{ABC0E17B-F1A0-48EF-8AB2-0716730EE379}.Debug|Any CPU.Build.0 = Debug|Any CPU
		{ABC0E17B-F1A0-48EF-8AB2-0716730EE379}.Release|Any CPU.ActiveCfg = Release|Any CPU
		{ABC0E17B-F1A0-48EF-8AB2-0716730EE379}.Release|Any CPU.Build.0 = Release|Any CPU
	EndGlobalSection
	GlobalSection(SolutionProperties) = preSolution
		HideSolutionNode = FALSE
	EndGlobalSection
	GlobalSection(ExtensibilityGlobals) = postSolution
		SolutionGuid = {B1A1E0F5-1317-4547-BAB9-28915AB177A3}
	EndGlobalSection
EndGlobal
